
Microsoft Visual Studio Solution File, Format Version 12.00
# Visual Studio 15
VisualStudioVersion = 15.0.28010.2050
MinimumVisualStudioVersion = 10.0.40219.1
Project("{FAE04EC0-301F-11D3-BF4B-00C04F79EFBC}") = "Jwt_Asp_Mvc5", "Jwt_Asp_Mvc5.csproj", "{384D48F5-0BE4-46D6-816E-F2CCFB910BBF}"
EndProject
Global
	GlobalSection(SolutionConfigurationPlatforms) = preSolution
		Debug|Any CPU = Debug|Any CPU
		Release|Any CPU = Release|Any CPU
	EndGlobalSection
	GlobalSection(ProjectConfigurationPlatforms) = postSolution
		{384D48F5-0BE4-46D6-816E-F2CCFB910BBF}.Debug|Any CPU.ActiveCfg = Debug|Any CPU
		{384D48F5-0BE4-46D6-816E-F2CCFB910BBF}.Debug|Any CPU.Build.0 = Debug|Any CPU
		{384D48F5-0BE4-46D6-816E-F2CCFB910BBF}.Release|Any CPU.ActiveCfg = Release|Any CPU
		{384D48F5-0BE4-46D6-816E-F2CCFB910BBF}.Release|Any CPU.Build.0 = Release|Any CPU
	EndGlobalSection
	GlobalSection(SolutionProperties) = preSolution
		HideSolutionNode = FALSE
	EndGlobalSection
	GlobalSection(ExtensibilityGlobals) = postSolution
		SolutionGuid = {C313DE70-4C7C-4E45-AA60-92FB68F38AF2}
	EndGlobalSection
EndGlobal
